
Microsoft Visual Studio Solution File, Format Version 12.00
# Visual Studio Version 17
VisualStudioVersion = 17.6.33829.357
MinimumVisualStudioVersion = 10.0.40219.1
Project("{FAE04EC0-301F-11D3-BF4B-00C04F79EFBC}") = "DoctorCRUD.WebUI", "DoctorCRUD\DoctorCRUD.WebUI.csproj", "{BE9E182F-66BD-4FD0-B9D5-BBBE34F9A8C3}"
EndProject
Global
	GlobalSection(SolutionConfigurationPlatforms) = preSolution
		Debug|Any CPU = Debug|Any CPU
		Release|Any CPU = Release|Any CPU
	EndGlobalSection
	GlobalSection(ProjectConfigurationPlatforms) = postSolution
		{BE9E182F-66BD-4FD0-B9D5-BBBE34F9A8C3}.Debug|Any CPU.ActiveCfg = Debug|Any CPU
		{BE9E182F-66BD-4FD0-B9D5-BBBE34F9A8C3}.Debug|Any CPU.Build.0 = Debug|Any CPU
		{BE9E182F-66BD-4FD0-B9D5-BBBE34F9A8C3}.Release|Any CPU.ActiveCfg = Release|Any CPU
		{BE9E182F-66BD-4FD0-B9D5-BBBE34F9A8C3}.Release|Any CPU.Build.0 = Release|Any CPU
	EndGlobalSection
	GlobalSection(SolutionProperties) = preSolution
		HideSolutionNode = FALSE
	EndGlobalSection
	GlobalSection(ExtensibilityGlobals) = postSolution
		SolutionGuid = {97E0B2AB-6260-4424-97D1-CD2B8AA87911}
	EndGlobalSection
EndGlobal
